
Microsoft Visual Studio Solution File, Format Version 12.00
# Visual Studio Version 16
VisualStudioVersion = 16.6.30114.105
MinimumVisualStudioVersion = 10.0.40219.1
Project("{2150E333-8FDC-42A3-9474-1A3956D46DE8}") = "src", "src", "{C2805191-2C1A-49D8-A6F8-3814237F8264}"
EndProject
Project("{FAE04EC0-301F-11D3-BF4B-00C04F79EFBC}") = "simpleAPI", "src\simpleAPI\simpleAPI.csproj", "{7D1D08BF-357A-434E-AD41-A05B0648F0E4}"
EndProject
Project("{2150E333-8FDC-42A3-9474-1A3956D46DE8}") = "test", "test", "{F395C6DD-7A05-4F96-AD15-FBE0844D45E8}"
EndProject
Project("{FAE04EC0-301F-11D3-BF4B-00C04F79EFBC}") = "simpleAPITest", "test\SimpleAPITest\simpleAPITest.csproj", "{B85FE31E-B381-4E49-9405-B46BE4645661}"
EndProject
Global
	GlobalSection(SolutionConfigurationPlatforms) = preSolution
		Debug|Any CPU = Debug|Any CPU
		Debug|x64 = Debug|x64
		Debug|x86 = Debug|x86
		Release|Any CPU = Release|Any CPU
		Release|x64 = Release|x64
		Release|x86 = Release|x86
	EndGlobalSection
	GlobalSection(SolutionProperties) = preSolution
		HideSolutionNode = FALSE
	EndGlobalSection
	GlobalSection(ProjectConfigurationPlatforms) = postSolution
		{7D1D08BF-357A-434E-AD41-A05B0648F0E4}.Debug|Any CPU.ActiveCfg = Debug|Any CPU
		{7D1D08BF-357A-434E-AD41-A05B0648F0E4}.Debug|Any CPU.Build.0 = Debug|Any CPU
		{7D1D08BF-357A-434E-AD41-A05B0648F0E4}.Debug|x64.ActiveCfg = Debug|Any CPU
		{7D1D08BF-357A-434E-AD41-A05B0648F0E4}.Debug|x64.Build.0 = Debug|Any CPU
		{7D1D08BF-357A-434E-AD41-A05B0648F0E4}.Debug|x86.ActiveCfg = Debug|Any CPU
		{7D1D08BF-357A-434E-AD41-A05B0648F0E4}.Debug|x86.Build.0 = Debug|Any CPU
		{7D1D08BF-357A-434E-AD41-A05B0648F0E4}.Release|Any CPU.ActiveCfg = Release|Any CPU
		{7D1D08BF-357A-434E-AD41-A05B0648F0E4}.Release|Any CPU.Build.0 = Release|Any CPU
		{7D1D08BF-357A-434E-AD41-A05B0648F0E4}.Release|x64.ActiveCfg = Release|Any CPU
		{7D1D08BF-357A-434E-AD41-A05B0648F0E4}.Release|x64.Build.0 = Release|Any CPU
		{7D1D08BF-357A-434E-AD41-A05B0648F0E4}.Release|x86.ActiveCfg = Release|Any CPU
		{7D1D08BF-357A-434E-AD41-A05B0648F0E4}.Release|x86.Build.0 = Release|Any CPU
		{B85FE31E-B381-4E49-9405-B46BE4645661}.Debug|Any CPU.ActiveCfg = Debug|Any CPU
		{B85FE31E-B381-4E49-9405-B46BE4645661}.Debug|Any CPU.Build.0 = Debug|Any CPU
		{B85FE31E-B381-4E49-9405-B46BE4645661}.Debug|x64.ActiveCfg = Debug|Any CPU
		{B85FE31E-B381-4E49-9405-B46BE4645661}.Debug|x64.Build.0 = Debug|Any CPU
		{B85FE31E-B381-4E49-9405-B46BE4645661}.Debug|x86.ActiveCfg = Debug|Any CPU
		{B85FE31E-B381-4E49-9405-B46BE4645661}.Debug|x86.Build.0 = Debug|Any CPU
		{B85FE31E-B381-4E49-9405-B46BE4645661}.Release|Any CPU.ActiveCfg = Release|Any CPU
		{B85FE31E-B381-4E49-9405-B46BE4645661}.Release|Any CPU.Build.0 = Release|Any CPU
		{B85FE31E-B381-4E49-9405-B46BE4645661}.Release|x64.ActiveCfg = Release|Any CPU
		{B85FE31E-B381-4E49-9405-B46BE4645661}.Release|x64.Build.0 = Release|Any CPU
		{B85FE31E-B381-4E49-9405-B46BE4645661}.Release|x86.ActiveCfg = Release|Any CPU
		{B85FE31E-B381-4E49-9405-B46BE4645661}.Release|x86.Build.0 = Release|Any CPU
	EndGlobalSection
	GlobalSection(NestedProjects) = preSolution
		{7D1D08BF-357A-434E-AD41-A05B0648F0E4} = {C2805191-2C1A-49D8-A6F8-3814237F8264}
		{B85FE31E-B381-4E49-9405-B46BE4645661} = {F395C6DD-7A05-4F96-AD15-FBE0844D45E8}
	EndGlobalSection
EndGlobal
